
Microsoft Visual Studio Solution File, Format Version 12.00
# Visual Studio Version 16
VisualStudioVersion = 16.0.30907.101
MinimumVisualStudioVersion = 10.0.40219.1
Project("{FAE04EC0-301F-11D3-BF4B-00C04F79EFBC}") = "Geometrikİşlemler", "Geometrikİşlemler\Geometrikİşlemler.csproj", "{5E88234C-69CC-4A2F-BEED-FEC64CF49EF5}"
EndProject
Global
	GlobalSection(SolutionConfigurationPlatforms) = preSolution
		Debug|Any CPU = Debug|Any CPU
		Release|Any CPU = Release|Any CPU
	EndGlobalSection
	GlobalSection(ProjectConfigurationPlatforms) = postSolution
		{5E88234C-69CC-4A2F-BEED-FEC64CF49EF5}.Debug|Any CPU.ActiveCfg = Debug|Any CPU
		{5E88234C-69CC-4A2F-BEED-FEC64CF49EF5}.Debug|Any CPU.Build.0 = Debug|Any CPU
		{5E88234C-69CC-4A2F-BEED-FEC64CF49EF5}.Release|Any CPU.ActiveCfg = Release|Any CPU
		{5E88234C-69CC-4A2F-BEED-FEC64CF49EF5}.Release|Any CPU.Build.0 = Release|Any CPU
	EndGlobalSection
	GlobalSection(SolutionProperties) = preSolution
		HideSolutionNode = FALSE
	EndGlobalSection
	GlobalSection(ExtensibilityGlobals) = postSolution
		SolutionGuid = {9440A769-7F5A-401E-B7E9-EF2616F80902}
	EndGlobalSection
EndGlobal
